
Microsoft Visual Studio Solution File, Format Version 12.00
# Visual Studio 15
VisualStudioVersion = 15.0.28307.779
MinimumVisualStudioVersion = 10.0.40219.1
Project("{FAE04EC0-301F-11D3-BF4B-00C04F79EFBC}") = "ConsoleApp1", "ConsoleApp1\ConsoleApp1.csproj", "{A04981E1-FF4E-4A7C-83BA-918324BE1430}"
EndProject
Project("{FAE04EC0-301F-11D3-BF4B-00C04F79EFBC}") = "Uppgift 2", "Uppgift 2\Uppgift 2.csproj", "{1E2021D3-573F-4A75-B50A-6FFA01E9F68B}"
EndProject
Project("{FAE04EC0-301F-11D3-BF4B-00C04F79EFBC}") = "Uppgift 3", "Uppgift 3\Uppgift 3.csproj", "{0634768D-8339-48AB-9E53-5EB35018E728}"
EndProject
Project("{FAE04EC0-301F-11D3-BF4B-00C04F79EFBC}") = "Uppgift 4", "Uppgift 4\Uppgift 4.csproj", "{FF9356C6-B942-4299-849C-E30A6048D737}"
EndProject
Project("{FAE04EC0-301F-11D3-BF4B-00C04F79EFBC}") = "Uppgift 5", "Uppgift 5\Uppgift 5.csproj", "{D099A1B7-0B64-4D13-BC6D-406380B1B4D1}"
EndProject
Project("{FAE04EC0-301F-11D3-BF4B-00C04F79EFBC}") = "Uppgift 6", "Uppgift 6\Uppgift 6.csproj", "{A8C02679-50AD-4F0B-9313-574233B5C80F}"
EndProject
Project("{FAE04EC0-301F-11D3-BF4B-00C04F79EFBC}") = "Uppgift 7", "Uppgift 7\Uppgift 7.csproj", "{C0473C97-D6A3-4E7C-A72D-0CDA8B79AB99}"
EndProject
Project("{FAE04EC0-301F-11D3-BF4B-00C04F79EFBC}") = "Uppgift 8", "Uppgift 8\Uppgift 8.csproj", "{F3DD213A-BD9E-406B-83F2-67C0BD0D7131}"
EndProject
Project("{FAE04EC0-301F-11D3-BF4B-00C04F79EFBC}") = "Uppgift 9", "Uppgift 9\Uppgift 9.csproj", "{A37CF338-D33E-41F4-9F8B-61D82B77B5A4}"
EndProject
Project("{FAE04EC0-301F-11D3-BF4B-00C04F79EFBC}") = "Uppgift 10", "Uppgift 10\Uppgift 10.csproj", "{7C80FF9C-6E1C-4D95-808B-E1699121A548}"
EndProject
Project("{FAE04EC0-301F-11D3-BF4B-00C04F79EFBC}") = "Forms 1", "Forms 1\Forms 1.csproj", "{A82C735D-B4FD-4BC6-8E5D-DACBCDADD703}"
EndProject
Project("{FAE04EC0-301F-11D3-BF4B-00C04F79EFBC}") = "Uppgift 11", "Uppgift 11\Uppgift 11.csproj", "{EF860171-C04B-4298-8FC6-036C111FBBB1}"
EndProject
Project("{FAE04EC0-301F-11D3-BF4B-00C04F79EFBC}") = "Form2", "Form2\Form2.csproj", "{CCD2F15A-4F13-4600-BFE0-81D6046F604C}"
EndProject
Project("{FAE04EC0-301F-11D3-BF4B-00C04F79EFBC}") = "Form 3", "Form 3\Form 3.csproj", "{6C5BFE0A-5D33-46BA-AEBE-FA92CCB2C769}"
EndProject
Project("{FAE04EC0-301F-11D3-BF4B-00C04F79EFBC}") = "Uppgift 12", "Uppgift 12\Uppgift 12.csproj", "{34935A18-2516-45B5-8108-F1517FF46290}"
EndProject
Project("{FAE04EC0-301F-11D3-BF4B-00C04F79EFBC}") = "Enum", "Enum\Enum.csproj", "{B2091E06-7285-4EC0-90AB-D9FC6D55C01F}"
EndProject
Project("{FAE04EC0-301F-11D3-BF4B-00C04F79EFBC}") = "MetoderEx", "MetoderEx\MetoderEx.csproj", "{F56E2718-EDB6-440E-A6CA-CE3DF64CECC2}"
EndProject
Project("{FAE04EC0-301F-11D3-BF4B-00C04F79EFBC}") = "Metoder upp3", "Metoder upp3\Metoder upp3.csproj", "{C0605680-DFD9-475F-9B9C-1D9AF0E37872}"
EndProject
Project("{FAE04EC0-301F-11D3-BF4B-00C04F79EFBC}") = "Metoder 4", "Metoder 4\Metoder 4.csproj", "{CA624009-185D-440F-A776-C2E47BB86C1A}"
EndProject
Project("{FAE04EC0-301F-11D3-BF4B-00C04F79EFBC}") = "Metoder 5", "Metoder 5\Metoder 5.csproj", "{29E0FCD2-B033-45C6-B7A6-970337CC884A}"
EndProject
Project("{FAE04EC0-301F-11D3-BF4B-00C04F79EFBC}") = "Metoder 6", "Metoder 6\Metoder 6.csproj", "{4A739044-233C-4380-8181-2C4A76D63FA2}"
EndProject
Project("{FAE04EC0-301F-11D3-BF4B-00C04F79EFBC}") = "Metoder exempel", "Metoder exempel\Metoder exempel.csproj", "{D413D851-EC94-4794-92D6-BAE9F04AC212}"
EndProject
Project("{FAE04EC0-301F-11D3-BF4B-00C04F79EFBC}") = "Metoder exempel 2", "Metoder exempel 2\Metoder exempel 2.csproj", "{19A2C368-3AF6-4840-AD0A-55C25DACD232}"
EndProject
Project("{FAE04EC0-301F-11D3-BF4B-00C04F79EFBC}") = "Test på överlagrade metoder", "Test på överlagrade metoder\Test på överlagrade metoder.csproj", "{12BE1242-3ECE-4A61-AF58-C828CAA579AB}"
EndProject
Project("{FAE04EC0-301F-11D3-BF4B-00C04F79EFBC}") = "Klasser", "Klasser\Klasser.csproj", "{3C2A0677-4B73-4738-AB1D-23B641E08498}"
EndProject
Project("{FAE04EC0-301F-11D3-BF4B-00C04F79EFBC}") = "Klasser 2", "Klasser 2\Klasser 2.csproj", "{7236EEDC-4CFC-41E8-A704-945CE28DA751}"
EndProject
Project("{FAE04EC0-301F-11D3-BF4B-00C04F79EFBC}") = "Klasser (mer) 1", "Klasser (mer) 1\Klasser (mer) 1.csproj", "{CD336486-E88E-470B-815C-7CE43FE1FA73}"
EndProject
Project("{FAE04EC0-301F-11D3-BF4B-00C04F79EFBC}") = "Övning 1.5", "Övning 1.5\Övning 1.5.csproj", "{FBC0AE45-9912-4E89-9D3E-3D09E7EDC315}"
EndProject
Project("{FAE04EC0-301F-11D3-BF4B-00C04F79EFBC}") = "Exempel 1.6", "Exempel 1.6\Exempel 1.6.csproj", "{CD939A98-0982-43B9-8357-5BBBE4B0DC89}"
EndProject
Project("{FAE04EC0-301F-11D3-BF4B-00C04F79EFBC}") = "Skyttetävling2", "Skyttetävling2\Skyttetävling2.csproj", "{1FDD0919-51FE-4235-A9EE-865DB97EED34}"
EndProject
Project("{FAE04EC0-301F-11D3-BF4B-00C04F79EFBC}") = "Styrketräning", "Styrketräning\Styrketräning.csproj", "{B3A499EF-271C-4FAC-BB33-0E102106B5F5}"
EndProject
Project("{FAE04EC0-301F-11D3-BF4B-00C04F79EFBC}") = "ExArv", "ExArv\ExArv.csproj", "{C7B7A071-B12D-440F-9704-866F712DE8F9}"
EndProject
Project("{FAE04EC0-301F-11D3-BF4B-00C04F79EFBC}") = "Övning 2.1", "Övning 2.1\Övning 2.1.csproj", "{928E753B-34D7-4317-A80A-839B09714703}"
EndProject
Global
	GlobalSection(SolutionConfigurationPlatforms) = preSolution
		Debug|Any CPU = Debug|Any CPU
		Release|Any CPU = Release|Any CPU
	EndGlobalSection
	GlobalSection(ProjectConfigurationPlatforms) = postSolution
		{A04981E1-FF4E-4A7C-83BA-918324BE1430}.Debug|Any CPU.ActiveCfg = Debug|Any CPU
		{A04981E1-FF4E-4A7C-83BA-918324BE1430}.Debug|Any CPU.Build.0 = Debug|Any CPU
		{A04981E1-FF4E-4A7C-83BA-918324BE1430}.Release|Any CPU.ActiveCfg = Release|Any CPU
		{A04981E1-FF4E-4A7C-83BA-918324BE1430}.Release|Any CPU.Build.0 = Release|Any CPU
		{1E2021D3-573F-4A75-B50A-6FFA01E9F68B}.Debug|Any CPU.ActiveCfg = Debug|Any CPU
		{1E2021D3-573F-4A75-B50A-6FFA01E9F68B}.Debug|Any CPU.Build.0 = Debug|Any CPU
		{1E2021D3-573F-4A75-B50A-6FFA01E9F68B}.Release|Any CPU.ActiveCfg = Release|Any CPU
		{1E2021D3-573F-4A75-B50A-6FFA01E9F68B}.Release|Any CPU.Build.0 = Release|Any CPU
		{0634768D-8339-48AB-9E53-5EB35018E728}.Debug|Any CPU.ActiveCfg = Debug|Any CPU
		{0634768D-8339-48AB-9E53-5EB35018E728}.Debug|Any CPU.Build.0 = Debug|Any CPU
		{0634768D-8339-48AB-9E53-5EB35018E728}.Release|Any CPU.ActiveCfg = Release|Any CPU
		{0634768D-8339-48AB-9E53-5EB35018E728}.Release|Any CPU.Build.0 = Release|Any CPU
		{FF9356C6-B942-4299-849C-E30A6048D737}.Debug|Any CPU.ActiveCfg = Debug|Any CPU
		{FF9356C6-B942-4299-849C-E30A6048D737}.Debug|Any CPU.Build.0 = Debug|Any CPU
		{FF9356C6-B942-4299-849C-E30A6048D737}.Release|Any CPU.ActiveCfg = Release|Any CPU
		{FF9356C6-B942-4299-849C-E30A6048D737}.Release|Any CPU.Build.0 = Release|Any CPU
		{D099A1B7-0B64-4D13-BC6D-406380B1B4D1}.Debug|Any CPU.ActiveCfg = Debug|Any CPU
		{D099A1B7-0B64-4D13-BC6D-406380B1B4D1}.Debug|Any CPU.Build.0 = Debug|Any CPU
		{D099A1B7-0B64-4D13-BC6D-406380B1B4D1}.Release|Any CPU.ActiveCfg = Release|Any CPU
		{D099A1B7-0B64-4D13-BC6D-406380B1B4D1}.Release|Any CPU.Build.0 = Release|Any CPU
		{A8C02679-50AD-4F0B-9313-574233B5C80F}.Debug|Any CPU.ActiveCfg = Debug|Any CPU
		{A8C02679-50AD-4F0B-9313-574233B5C80F}.Debug|Any CPU.Build.0 = Debug|Any CPU
		{A8C02679-50AD-4F0B-9313-574233B5C80F}.Release|Any CPU.ActiveCfg = Release|Any CPU
		{A8C02679-50AD-4F0B-9313-574233B5C80F}.Release|Any CPU.Build.0 = Release|Any CPU
		{C0473C97-D6A3-4E7C-A72D-0CDA8B79AB99}.Debug|Any CPU.ActiveCfg = Debug|Any CPU
		{C0473C97-D6A3-4E7C-A72D-0CDA8B79AB99}.Debug|Any CPU.Build.0 = Debug|Any CPU
		{C0473C97-D6A3-4E7C-A72D-0CDA8B79AB99}.Release|Any CPU.ActiveCfg = Release|Any CPU
		{C0473C97-D6A3-4E7C-A72D-0CDA8B79AB99}.Release|Any CPU.Build.0 = Release|Any CPU
		{F3DD213A-BD9E-406B-83F2-67C0BD0D7131}.Debug|Any CPU.ActiveCfg = Debug|Any CPU
		{F3DD213A-BD9E-406B-83F2-67C0BD0D7131}.Debug|Any CPU.Build.0 = Debug|Any CPU
		{F3DD213A-BD9E-406B-83F2-67C0BD0D7131}.Release|Any CPU.ActiveCfg = Release|Any CPU
		{F3DD213A-BD9E-406B-83F2-67C0BD0D7131}.Release|Any CPU.Build.0 = Release|Any CPU
		{A37CF338-D33E-41F4-9F8B-61D82B77B5A4}.Debug|Any CPU.ActiveCfg = Debug|Any CPU
		{A37CF338-D33E-41F4-9F8B-61D82B77B5A4}.Debug|Any CPU.Build.0 = Debug|Any CPU
		{A37CF338-D33E-41F4-9F8B-61D82B77B5A4}.Release|Any CPU.ActiveCfg = Release|Any CPU
		{A37CF338-D33E-41F4-9F8B-61D82B77B5A4}.Release|Any CPU.Build.0 = Release|Any CPU
		{7C80FF9C-6E1C-4D95-808B-E1699121A548}.Debug|Any CPU.ActiveCfg = Debug|Any CPU
		{7C80FF9C-6E1C-4D95-808B-E1699121A548}.Debug|Any CPU.Build.0 = Debug|Any CPU
		{7C80FF9C-6E1C-4D95-808B-E1699121A548}.Release|Any CPU.ActiveCfg = Release|Any CPU
		{7C80FF9C-6E1C-4D95-808B-E1699121A548}.Release|Any CPU.Build.0 = Release|Any CPU
		{A82C735D-B4FD-4BC6-8E5D-DACBCDADD703}.Debug|Any CPU.ActiveCfg = Debug|Any CPU
		{A82C735D-B4FD-4BC6-8E5D-DACBCDADD703}.Debug|Any CPU.Build.0 = Debug|Any CPU
		{A82C735D-B4FD-4BC6-8E5D-DACBCDADD703}.Release|Any CPU.ActiveCfg = Release|Any CPU
		{A82C735D-B4FD-4BC6-8E5D-DACBCDADD703}.Release|Any CPU.Build.0 = Release|Any CPU
		{EF860171-C04B-4298-8FC6-036C111FBBB1}.Debug|Any CPU.ActiveCfg = Debug|Any CPU
		{EF860171-C04B-4298-8FC6-036C111FBBB1}.Debug|Any CPU.Build.0 = Debug|Any CPU
		{EF860171-C04B-4298-8FC6-036C111FBBB1}.Release|Any CPU.ActiveCfg = Release|Any CPU
		{EF860171-C04B-4298-8FC6-036C111FBBB1}.Release|Any CPU.Build.0 = Release|Any CPU
		{CCD2F15A-4F13-4600-BFE0-81D6046F604C}.Debug|Any CPU.ActiveCfg = Debug|Any CPU
		{CCD2F15A-4F13-4600-BFE0-81D6046F604C}.Debug|Any CPU.Build.0 = Debug|Any CPU
		{CCD2F15A-4F13-4600-BFE0-81D6046F604C}.Release|Any CPU.ActiveCfg = Release|Any CPU
		{CCD2F15A-4F13-4600-BFE0-81D6046F604C}.Release|Any CPU.Build.0 = Release|Any CPU
		{6C5BFE0A-5D33-46BA-AEBE-FA92CCB2C769}.Debug|Any CPU.ActiveCfg = Debug|Any CPU
		{6C5BFE0A-5D33-46BA-AEBE-FA92CCB2C769}.Debug|Any CPU.Build.0 = Debug|Any CPU
		{6C5BFE0A-5D33-46BA-AEBE-FA92CCB2C769}.Release|Any CPU.ActiveCfg = Release|Any CPU
		{6C5BFE0A-5D33-46BA-AEBE-FA92CCB2C769}.Release|Any CPU.Build.0 = Release|Any CPU
		{34935A18-2516-45B5-8108-F1517FF46290}.Debug|Any CPU.ActiveCfg = Debug|Any CPU
		{34935A18-2516-45B5-8108-F1517FF46290}.Debug|Any CPU.Build.0 = Debug|Any CPU
		{34935A18-2516-45B5-8108-F1517FF46290}.Release|Any CPU.ActiveCfg = Release|Any CPU
		{34935A18-2516-45B5-8108-F1517FF46290}.Release|Any CPU.Build.0 = Release|Any CPU
		{B2091E06-7285-4EC0-90AB-D9FC6D55C01F}.Debug|Any CPU.ActiveCfg = Debug|Any CPU
		{B2091E06-7285-4EC0-90AB-D9FC6D55C01F}.Debug|Any CPU.Build.0 = Debug|Any CPU
		{B2091E06-7285-4EC0-90AB-D9FC6D55C01F}.Release|Any CPU.ActiveCfg = Release|Any CPU
		{B2091E06-7285-4EC0-90AB-D9FC6D55C01F}.Release|Any CPU.Build.0 = Release|Any CPU
		{F56E2718-EDB6-440E-A6CA-CE3DF64CECC2}.Debug|Any CPU.ActiveCfg = Debug|Any CPU
		{F56E2718-EDB6-440E-A6CA-CE3DF64CECC2}.Debug|Any CPU.Build.0 = Debug|Any CPU
		{F56E2718-EDB6-440E-A6CA-CE3DF64CECC2}.Release|Any CPU.ActiveCfg = Release|Any CPU
		{F56E2718-EDB6-440E-A6CA-CE3DF64CECC2}.Release|Any CPU.Build.0 = Release|Any CPU
		{C0605680-DFD9-475F-9B9C-1D9AF0E37872}.Debug|Any CPU.ActiveCfg = Debug|Any CPU
		{C0605680-DFD9-475F-9B9C-1D9AF0E37872}.Debug|Any CPU.Build.0 = Debug|Any CPU
		{C0605680-DFD9-475F-9B9C-1D9AF0E37872}.Release|Any CPU.ActiveCfg = Release|Any CPU
		{C0605680-DFD9-475F-9B9C-1D9AF0E37872}.Release|Any CPU.Build.0 = Release|Any CPU
		{CA624009-185D-440F-A776-C2E47BB86C1A}.Debug|Any CPU.ActiveCfg = Debug|Any CPU
		{CA624009-185D-440F-A776-C2E47BB86C1A}.Debug|Any CPU.Build.0 = Debug|Any CPU
		{CA624009-185D-440F-A776-C2E47BB86C1A}.Release|Any CPU.ActiveCfg = Release|Any CPU
		{CA624009-185D-440F-A776-C2E47BB86C1A}.Release|Any CPU.Build.0 = Release|Any CPU
		{29E0FCD2-B033-45C6-B7A6-970337CC884A}.Debug|Any CPU.ActiveCfg = Debug|Any CPU
		{29E0FCD2-B033-45C6-B7A6-970337CC884A}.Debug|Any CPU.Build.0 = Debug|Any CPU
		{29E0FCD2-B033-45C6-B7A6-970337CC884A}.Release|Any CPU.ActiveCfg = Release|Any CPU
		{29E0FCD2-B033-45C6-B7A6-970337CC884A}.Release|Any CPU.Build.0 = Release|Any CPU
		{4A739044-233C-4380-8181-2C4A76D63FA2}.Debug|Any CPU.ActiveCfg = Debug|Any CPU
		{4A739044-233C-4380-8181-2C4A76D63FA2}.Debug|Any CPU.Build.0 = Debug|Any CPU
		{4A739044-233C-4380-8181-2C4A76D63FA2}.Release|Any CPU.ActiveCfg = Release|Any CPU
		{4A739044-233C-4380-8181-2C4A76D63FA2}.Release|Any CPU.Build.0 = Release|Any CPU
		{D413D851-EC94-4794-92D6-BAE9F04AC212}.Debug|Any CPU.ActiveCfg = Debug|Any CPU
		{D413D851-EC94-4794-92D6-BAE9F04AC212}.Debug|Any CPU.Build.0 = Debug|Any CPU
		{D413D851-EC94-4794-92D6-BAE9F04AC212}.Release|Any CPU.ActiveCfg = Release|Any CPU
		{D413D851-EC94-4794-92D6-BAE9F04AC212}.Release|Any CPU.Build.0 = Release|Any CPU
		{19A2C368-3AF6-4840-AD0A-55C25DACD232}.Debug|Any CPU.ActiveCfg = Debug|Any CPU
		{19A2C368-3AF6-4840-AD0A-55C25DACD232}.Debug|Any CPU.Build.0 = Debug|Any CPU
		{19A2C368-3AF6-4840-AD0A-55C25DACD232}.Release|Any CPU.ActiveCfg = Release|Any CPU
		{19A2C368-3AF6-4840-AD0A-55C25DACD232}.Release|Any CPU.Build.0 = Release|Any CPU
		{12BE1242-3ECE-4A61-AF58-C828CAA579AB}.Debug|Any CPU.ActiveCfg = Debug|Any CPU
		{12BE1242-3ECE-4A61-AF58-C828CAA579AB}.Debug|Any CPU.Build.0 = Debug|Any CPU
		{12BE1242-3ECE-4A61-AF58-C828CAA579AB}.Release|Any CPU.ActiveCfg = Release|Any CPU
		{12BE1242-3ECE-4A61-AF58-C828CAA579AB}.Release|Any CPU.Build.0 = Release|Any CPU
		{3C2A0677-4B73-4738-AB1D-23B641E08498}.Debug|Any CPU.ActiveCfg = Debug|Any CPU
		{3C2A0677-4B73-4738-AB1D-23B641E08498}.Debug|Any CPU.Build.0 = Debug|Any CPU
		{3C2A0677-4B73-4738-AB1D-23B641E08498}.Release|Any CPU.ActiveCfg = Release|Any CPU
		{3C2A0677-4B73-4738-AB1D-23B641E08498}.Release|Any CPU.Build.0 = Release|Any CPU
		{7236EEDC-4CFC-41E8-A704-945CE28DA751}.Debug|Any CPU.ActiveCfg = Debug|Any CPU
		{7236EEDC-4CFC-41E8-A704-945CE28DA751}.Debug|Any CPU.Build.0 = Debug|Any CPU
		{7236EEDC-4CFC-41E8-A704-945CE28DA751}.Release|Any CPU.ActiveCfg = Release|Any CPU
		{7236EEDC-4CFC-41E8-A704-945CE28DA751}.Release|Any CPU.Build.0 = Release|Any CPU
		{CD336486-E88E-470B-815C-7CE43FE1FA73}.Debug|Any CPU.ActiveCfg = Debug|Any CPU
		{CD336486-E88E-470B-815C-7CE43FE1FA73}.Debug|Any CPU.Build.0 = Debug|Any CPU
		{CD336486-E88E-470B-815C-7CE43FE1FA73}.Release|Any CPU.ActiveCfg = Release|Any CPU
		{CD336486-E88E-470B-815C-7CE43FE1FA73}.Release|Any CPU.Build.0 = Release|Any CPU
		{FBC0AE45-9912-4E89-9D3E-3D09E7EDC315}.Debug|Any CPU.ActiveCfg = Debug|Any CPU
		{FBC0AE45-9912-4E89-9D3E-3D09E7EDC315}.Debug|Any CPU.Build.0 = Debug|Any CPU
		{FBC0AE45-9912-4E89-9D3E-3D09E7EDC315}.Release|Any CPU.ActiveCfg = Release|Any CPU
		{FBC0AE45-9912-4E89-9D3E-3D09E7EDC315}.Release|Any CPU.Build.0 = Release|Any CPU
		{CD939A98-0982-43B9-8357-5BBBE4B0DC89}.Debug|Any CPU.ActiveCfg = Debug|Any CPU
		{CD939A98-0982-43B9-8357-5BBBE4B0DC89}.Debug|Any CPU.Build.0 = Debug|Any CPU
		{CD939A98-0982-43B9-8357-5BBBE4B0DC89}.Release|Any CPU.ActiveCfg = Release|Any CPU
		{CD939A98-0982-43B9-8357-5BBBE4B0DC89}.Release|Any CPU.Build.0 = Release|Any CPU
		{1FDD0919-51FE-4235-A9EE-865DB97EED34}.Debug|Any CPU.ActiveCfg = Debug|Any CPU
		{1FDD0919-51FE-4235-A9EE-865DB97EED34}.Debug|Any CPU.Build.0 = Debug|Any CPU
		{1FDD0919-51FE-4235-A9EE-865DB97EED34}.Release|Any CPU.ActiveCfg = Release|Any CPU
		{1FDD0919-51FE-4235-A9EE-865DB97EED34}.Release|Any CPU.Build.0 = Release|Any CPU
		{B3A499EF-271C-4FAC-BB33-0E102106B5F5}.Debug|Any CPU.ActiveCfg = Debug|Any CPU
		{B3A499EF-271C-4FAC-BB33-0E102106B5F5}.Debug|Any CPU.Build.0 = Debug|Any CPU
		{B3A499EF-271C-4FAC-BB33-0E102106B5F5}.Release|Any CPU.ActiveCfg = Release|Any CPU
		{B3A499EF-271C-4FAC-BB33-0E102106B5F5}.Release|Any CPU.Build.0 = Release|Any CPU
		{C7B7A071-B12D-440F-9704-866F712DE8F9}.Debug|Any CPU.ActiveCfg = Debug|Any CPU
		{C7B7A071-B12D-440F-9704-866F712DE8F9}.Debug|Any CPU.Build.0 = Debug|Any CPU
		{C7B7A071-B12D-440F-9704-866F712DE8F9}.Release|Any CPU.ActiveCfg = Release|Any CPU
		{C7B7A071-B12D-440F-9704-866F712DE8F9}.Release|Any CPU.Build.0 = Release|Any CPU
		{928E753B-34D7-4317-A80A-839B09714703}.Debug|Any CPU.ActiveCfg = Debug|Any CPU
		{928E753B-34D7-4317-A80A-839B09714703}.Debug|Any CPU.Build.0 = Debug|Any CPU
		{928E753B-34D7-4317-A80A-839B09714703}.Release|Any CPU.ActiveCfg = Release|Any CPU
		{928E753B-34D7-4317-A80A-839B09714703}.Release|Any CPU.Build.0 = Release|Any CPU
	EndGlobalSection
	GlobalSection(SolutionProperties) = preSolution
		HideSolutionNode = FALSE
	EndGlobalSection
	GlobalSection(ExtensibilityGlobals) = postSolution
		SolutionGuid = {079B3A92-7CE5-4A93-AC87-D16D3961510A}
	EndGlobalSection
EndGlobal
